{
  "nodes": {
    "clang": {
      "flake": false,
      "locked": {
        "narHash": "sha256-aQ8b0FIBKQsBknam5ocswhqEzMIu6rtTa/U+YkxxcC0=",
        "type": "tarball",
        "url": "https://github.com/llvm/llvm-project/releases/download/llvmorg-10.0.1/clang-10.0.1.src.tar.xz"
      },
      "original": {
        "type": "tarball",
        "url": "https://github.com/llvm/llvm-project/releases/download/llvmorg-10.0.1/clang-10.0.1.src.tar.xz"
      }
    },
    "flake-utils": {
      "locked": {
        "lastModified": 1637014545,
        "narHash": "sha256-26IZAc5yzlD9FlDT54io1oqG/bBoyka+FJk5guaX4x4=",
        "owner": "numtide",
        "repo": "flake-utils",
        "rev": "bba5dcc8e0b20ab664967ad83d24d64cb64ec4f4",
        "type": "github"
      },
      "original": {
        "owner": "numtide",
        "repo": "flake-utils",
        "type": "github"
      }
    },
    "flake-utils_2": {
      "locked": {
        "lastModified": 1637014545,
        "narHash": "sha256-26IZAc5yzlD9FlDT54io1oqG/bBoyka+FJk5guaX4x4=",
        "owner": "numtide",
        "repo": "flake-utils",
        "rev": "bba5dcc8e0b20ab664967ad83d24d64cb64ec4f4",
        "type": "github"
      },
      "original": {
        "owner": "numtide",
        "repo": "flake-utils",
        "type": "github"
      }
    },
    "fmt": {
      "flake": false,
      "locked": {
        "lastModified": 1606266902,
        "narHash": "sha256-SbzWk4u1Dt/944N+hiAu/zd49dUXTR2BXs2Ki8fZHiI=",
        "owner": "fmtlib",
        "repo": "fmt",
        "rev": "7bdf0628b1276379886c7f6dda2cef2b3b374f0b",
        "type": "github"
      },
      "original": {
        "owner": "fmtlib",
        "ref": "7bdf0628",
        "repo": "fmt",
        "type": "github"
      }
    },
    "librop": {
      "inputs": {
        "flake-utils": "flake-utils_2",
        "nixpkgs": "nixpkgs"
      },
      "locked": {
        "lastModified": 1638043467,
        "narHash": "sha256-KtXR2DTU9qXA+uQiH2qeVdiDB1a3EQttJKL4zn80OFY=",
        "ref": "master",
        "rev": "cbe184bfb8e779b51a1bdc4fe6e2763e5e3ef112",
        "revCount": 7,
        "type": "git",
        "url": "ssh://git@github.com/ropfuscator/librop.git"
      },
      "original": {
        "type": "git",
        "url": "ssh://git@github.com/ropfuscator/librop.git"
      }
    },
    "llvm": {
      "flake": false,
      "locked": {
        "narHash": "sha256-MUbaPpmKYAMgw7v5qR1GurrJvO3nLkUE4xY8TTTCqXc=",
        "type": "tarball",
        "url": "https://github.com/llvm/llvm-project/releases/download/llvmorg-10.0.1/llvm-10.0.1.src.tar.xz"
      },
      "original": {
        "type": "tarball",
        "url": "https://github.com/llvm/llvm-project/releases/download/llvmorg-10.0.1/llvm-10.0.1.src.tar.xz"
      }
    },
    "nixpkgs": {
      "locked": {
        "lastModified": 1637771604,
        "narHash": "sha256-S5h/GXm1PKwIFJupdPmSUxhSWCjopE5HVKIa3vCWUTo=",
        "owner": "nixos",
        "repo": "nixpkgs",
        "rev": "4b675777b5ef03b8c47eeb8572693855bc8fc223",
        "type": "github"
      },
      "original": {
        "owner": "nixos",
        "ref": "4b675777",
        "repo": "nixpkgs",
        "type": "github"
      }
    },
    "nixpkgs_2": {
      "locked": {
        "lastModified": 1637771604,
        "narHash": "sha256-S5h/GXm1PKwIFJupdPmSUxhSWCjopE5HVKIa3vCWUTo=",
        "owner": "nixos",
        "repo": "nixpkgs",
        "rev": "4b675777b5ef03b8c47eeb8572693855bc8fc223",
        "type": "github"
      },
      "original": {
        "owner": "nixos",
        "ref": "4b675777",
        "repo": "nixpkgs",
        "type": "github"
      }
    },
    "root": {
      "inputs": {
        "clang": "clang",
        "flake-utils": "flake-utils",
        "fmt": "fmt",
        "librop": "librop",
        "llvm": "llvm",
        "nixpkgs": "nixpkgs_2",
        "ropfuscator-utils": "ropfuscator-utils",
        "tinytoml": "tinytoml"
      }
    },
    "ropfuscator-utils": {
      "flake": false,
      "locked": {
        "lastModified": 1637857645,
        "narHash": "sha256-MRwxY0QJAHXSELYmUfpQvpdJpDHtF9DDU89jLcFgahs=",
        "ref": "master",
        "rev": "63df12dee0ed5bb31fc9f157dd825e1a8d2017a2",
        "revCount": 9,
        "type": "git",
        "url": "ssh://git@github.com/ropfuscator/utilities.git"
      },
      "original": {
        "type": "git",
        "url": "ssh://git@github.com/ropfuscator/utilities.git"
      }
    },
    "tinytoml": {
      "flake": false,
      "locked": {
        "lastModified": 1545145683,
        "narHash": "sha256-fLtJbZZWOxzEUV3XXuipxPZ9AnAoNYTMLRGxWUShxjY=",
        "owner": "mayah",
        "repo": "tinytoml",
        "rev": "ea34092df86a50284abddd915e399374c44ace11",
        "type": "github"
      },
      "original": {
        "owner": "mayah",
        "ref": "ea34092",
        "repo": "tinytoml",
        "type": "github"
      }
    }
  },
  "root": "root",
  "version": 7
}
