{
  "nodes": {
    "flake-utils": {
      "locked": {
        "lastModified": 1659877975,
        "narHash": "sha256-zllb8aq3YO3h8B/U0/J1WBgAL8EX5yWf5pMj3G0NAmc=",
        "owner": "numtide",
        "repo": "flake-utils",
        "rev": "c0e246b9b83f637f4681389ecabcb2681b4f3af0",
        "type": "github"
      },
      "original": {
        "owner": "numtide",
        "repo": "flake-utils",
        "type": "github"
      }
    },
    "flake-utils_2": {
      "locked": {
        "lastModified": 1637014545,
        "narHash": "sha256-26IZAc5yzlD9FlDT54io1oqG/bBoyka+FJk5guaX4x4=",
        "owner": "numtide",
        "repo": "flake-utils",
        "rev": "bba5dcc8e0b20ab664967ad83d24d64cb64ec4f4",
        "type": "github"
      },
      "original": {
        "owner": "numtide",
        "repo": "flake-utils",
        "type": "github"
      }
    },
    "fmt": {
      "flake": false,
      "locked": {
        "lastModified": 1606266902,
        "narHash": "sha256-SbzWk4u1Dt/944N+hiAu/zd49dUXTR2BXs2Ki8fZHiI=",
        "owner": "fmtlib",
        "repo": "fmt",
        "rev": "7bdf0628b1276379886c7f6dda2cef2b3b374f0b",
        "type": "github"
      },
      "original": {
        "owner": "fmtlib",
        "ref": "7bdf0628",
        "repo": "fmt",
        "type": "github"
      }
    },
    "librop-git": {
      "inputs": {
        "flake-utils": "flake-utils_2",
        "nixpkgs": "nixpkgs"
      },
      "locked": {
        "lastModified": 1658210559,
        "narHash": "sha256-+uIBzC8j99oPFvTQyqLk0i5XiokIuxw3nLP6urj2Na4=",
        "owner": "ropfuscator",
        "repo": "librop",
        "rev": "3d3c849cbaec6e1ca2d485f07768ae20a3c7aeee",
        "type": "github"
      },
      "original": {
        "owner": "ropfuscator",
        "repo": "librop",
        "type": "github"
      }
    },
    "nixpkgs": {
      "locked": {
        "lastModified": 1650302771,
        "narHash": "sha256-x2foQq3AWObhk+bgRjN+Mfgx5JvOyzS+P5KC6JqzVsU=",
        "owner": "peperunas",
        "repo": "nixpkgs",
        "rev": "c44e4498ceff21d3a471aedfc8a9137126cdfddf",
        "type": "github"
      },
      "original": {
        "owner": "peperunas",
        "ref": "llvm-i686-cross-fix",
        "repo": "nixpkgs",
        "type": "github"
      }
    },
    "nixpkgs_2": {
      "locked": {
        "lastModified": 1658214944,
        "narHash": "sha256-YucU2hn1q38nn9m9WEn75SOic+HfhALYcCswLuq8bqw=",
        "owner": "peperunas",
        "repo": "nixpkgs",
        "rev": "7283c8f31b42a16b847aa6fe1535aefcfb2329bc",
        "type": "github"
      },
      "original": {
        "owner": "peperunas",
        "ref": "llvm-i686-cross-fix",
        "repo": "nixpkgs",
        "type": "github"
      }
    },
    "root": {
      "inputs": {
        "flake-utils": "flake-utils",
        "fmt": "fmt",
        "librop-git": "librop-git",
        "nixpkgs": "nixpkgs_2",
        "ropfuscator-utils": "ropfuscator-utils",
        "tinytoml": "tinytoml"
      }
    },
    "ropfuscator-utils": {
      "flake": false,
      "locked": {
        "lastModified": 1637857645,
        "narHash": "sha256-MRwxY0QJAHXSELYmUfpQvpdJpDHtF9DDU89jLcFgahs=",
        "owner": "ropfuscator",
        "repo": "utilities",
        "rev": "63df12dee0ed5bb31fc9f157dd825e1a8d2017a2",
        "type": "github"
      },
      "original": {
        "owner": "ropfuscator",
        "repo": "utilities",
        "type": "github"
      }
    },
    "tinytoml": {
      "flake": false,
      "locked": {
        "lastModified": 1545145683,
        "narHash": "sha256-fLtJbZZWOxzEUV3XXuipxPZ9AnAoNYTMLRGxWUShxjY=",
        "owner": "mayah",
        "repo": "tinytoml",
        "rev": "ea34092df86a50284abddd915e399374c44ace11",
        "type": "github"
      },
      "original": {
        "owner": "mayah",
        "ref": "ea34092",
        "repo": "tinytoml",
        "type": "github"
      }
    }
  },
  "root": "root",
  "version": 7
}
